
Microsoft Visual Studio Solution File, Format Version 12.00
# Visual Studio Version 17
VisualStudioVersion = 17.10.35013.160
MinimumVisualStudioVersion = 10.0.40219.1
Project("{FAE04EC0-301F-11D3-BF4B-00C04F79EFBC}") = "EmptyApp1", "EmptyApp1\EmptyApp1.csproj", "{9BD26F23-02CA-48ED-AB21-309A30BEA393}"
EndProject
Global
	GlobalSection(SolutionConfigurationPlatforms) = preSolution
		Debug|Any CPU = Debug|Any CPU
		Release|Any CPU = Release|Any CPU
	EndGlobalSection
	GlobalSection(ProjectConfigurationPlatforms) = postSolution
		{9BD26F23-02CA-48ED-AB21-309A30BEA393}.Debug|Any CPU.ActiveCfg = Debug|Any CPU
		{9BD26F23-02CA-48ED-AB21-309A30BEA393}.Debug|Any CPU.Build.0 = Debug|Any CPU
		{9BD26F23-02CA-48ED-AB21-309A30BEA393}.Release|Any CPU.ActiveCfg = Release|Any CPU
		{9BD26F23-02CA-48ED-AB21-309A30BEA393}.Release|Any CPU.Build.0 = Release|Any CPU
	EndGlobalSection
	GlobalSection(SolutionProperties) = preSolution
		HideSolutionNode = FALSE
	EndGlobalSection
	GlobalSection(ExtensibilityGlobals) = postSolution
		SolutionGuid = {63977C90-8450-497F-84FE-8BB80CB71019}
	EndGlobalSection
EndGlobal
